// !$*UTF8*$!
{
	archiveVersion = 1;
	classes = {
	};
	objectVersion = 50;
	objects = {

/* Begin PBXBuildFile section */
		95520852229BCB2200DF66A8 /* CameraViewController.swift in Sources */ = {isa = PBXBuildFile; fileRef = 95520851229BCB2200DF66A8 /* CameraViewController.swift */; };
		95520854229BCEE200DF66A8 /* ChooseLocationViewController.swift in Sources */ = {isa = PBXBuildFile; fileRef = 95520853229BCEE200DF66A8 /* ChooseLocationViewController.swift */; };
		95520856229BD00800DF66A8 /* StoreObj.swift in Sources */ = {isa = PBXBuildFile; fileRef = 95520855229BD00800DF66A8 /* StoreObj.swift */; };
		9595C7D7229C1F99008117FA /* ListViewController.swift in Sources */ = {isa = PBXBuildFile; fileRef = 9595C7D6229C1F99008117FA /* ListViewController.swift */; };
		9595C7D9229CBB6A008117FA /* DetailViewController.swift in Sources */ = {isa = PBXBuildFile; fileRef = 9595C7D8229CBB6A008117FA /* DetailViewController.swift */; };
		9595C7DB229D0C60008117FA /* camera.jpg in Resources */ = {isa = PBXBuildFile; fileRef = 9595C7DA229D0C60008117FA /* camera.jpg */; };
		95DBEE7A229BB5F7004C62F7 /* AppDelegate.swift in Sources */ = {isa = PBXBuildFile; fileRef = 95DBEE79229BB5F7004C62F7 /* AppDelegate.swift */; };
		95DBEE7C229BB5F7004C62F7 /* ViewController.swift in Sources */ = {isa = PBXBuildFile; fileRef = 95DBEE7B229BB5F7004C62F7 /* ViewController.swift */; };
		95DBEE7F229BB5F7004C62F7 /* Main.storyboard in Resources */ = {isa = PBXBuildFile; fileRef = 95DBEE7D229BB5F7004C62F7 /* Main.storyboard */; };
		95DBEE82229BB5F7004C62F7 /* EStorage.xcdatamodeld in Sources */ = {isa = PBXBuildFile; fileRef = 95DBEE80229BB5F7004C62F7 /* EStorage.xcdatamodeld */; };
		95DBEE84229BB5F9004C62F7 /* Assets.xcassets in Resources */ = {isa = PBXBuildFile; fileRef = 95DBEE83229BB5F9004C62F7 /* Assets.xcassets */; };
		95DBEE87229BB5F9004C62F7 /* LaunchScreen.storyboard in Resources */ = {isa = PBXBuildFile; fileRef = 95DBEE85229BB5F9004C62F7 /* LaunchScreen.storyboard */; };
		95DBEE92229BB5F9004C62F7 /* EStorageTests.swift in Sources */ = {isa = PBXBuildFile; fileRef = 95DBEE91229BB5F9004C62F7 /* EStorageTests.swift */; };
		95DBEE9D229BB5F9004C62F7 /* EStorageUITests.swift in Sources */ = {isa = PBXBuildFile; fileRef = 95DBEE9C229BB5F9004C62F7 /* EStorageUITests.swift */; };
/* End PBXBuildFile section */

/* Begin PBXContainerItemProxy section */
		95DBEE8E229BB5F9004C62F7 /* PBXContainerItemProxy */ = {
			isa = PBXContainerItemProxy;
			containerPortal = 95DBEE6E229BB5F7004C62F7 /* Project object */;
			proxyType = 1;
			remoteGlobalIDString = 95DBEE75229BB5F7004C62F7;
			remoteInfo = EStorage;
		};
		95DBEE99229BB5F9004C62F7 /* PBXContainerItemProxy */ = {
			isa = PBXContainerItemProxy;
			containerPortal = 95DBEE6E229BB5F7004C62F7 /* Project object */;
			proxyType = 1;
			remoteGlobalIDString = 95DBEE75229BB5F7004C62F7;
			remoteInfo = EStorage;
		};
/* End PBXContainerItemProxy section */

/* Begin PBXFileReference section */
		95520851229BCB2200DF66A8 /* CameraViewController.swift */ = {isa = PBXFileReference; lastKnownFileType = sourcecode.swift; path = CameraViewController.swift; sourceTree = "<group>"; };
		95520853229BCEE200DF66A8 /* ChooseLocationViewController.swift */ = {isa = PBXFileReference; lastKnownFileType = sourcecode.swift; path = ChooseLocationViewController.swift; sourceTree = "<group>"; };
		95520855229BD00800DF66A8 /* StoreObj.swift */ = {isa = PBXFileReference; lastKnownFileType = sourcecode.swift; path = StoreObj.swift; sourceTree = "<group>"; };
		9595C7D6229C1F99008117FA /* ListViewController.swift */ = {isa = PBXFileReference; lastKnownFileType = sourcecode.swift; path = ListViewController.swift; sourceTree = "<group>"; };
		9595C7D8229CBB6A008117FA /* DetailViewController.swift */ = {isa = PBXFileReference; lastKnownFileType = sourcecode.swift; path = DetailViewController.swift; sourceTree = "<group>"; };
		9595C7DA229D0C60008117FA /* camera.jpg */ = {isa = PBXFileReference; lastKnownFileType = image.jpeg; path = camera.jpg; sourceTree = "<group>"; };
		95DBEE76229BB5F7004C62F7 /* EStorage.app */ = {isa = PBXFileReference; explicitFileType = wrapper.application; includeInIndex = 0; path = EStorage.app; sourceTree = BUILT_PRODUCTS_DIR; };
		95DBEE79229BB5F7004C62F7 /* AppDelegate.swift */ = {isa = PBXFileReference; lastKnownFileType = sourcecode.swift; path = AppDelegate.swift; sourceTree = "<group>"; };
		95DBEE7B229BB5F7004C62F7 /* ViewController.swift */ = {isa = PBXFileReference; lastKnownFileType = sourcecode.swift; path = ViewController.swift; sourceTree = "<group>"; };
		95DBEE7E229BB5F7004C62F7 /* Base */ = {isa = PBXFileReference; lastKnownFileType = file.storyboard; name = Base; path = Base.lproj/Main.storyboard; sourceTree = "<group>"; };
		95DBEE81229BB5F7004C62F7 /* EStorage.xcdatamodel */ = {isa = PBXFileReference; lastKnownFileType = wrapper.xcdatamodel; path = EStorage.xcdatamodel; sourceTree = "<group>"; };
		95DBEE83229BB5F9004C62F7 /* Assets.xcassets */ = {isa = PBXFileReference; lastKnownFileType = folder.assetcatalog; path = Assets.xcassets; sourceTree = "<group>"; };
		95DBEE86229BB5F9004C62F7 /* Base */ = {isa = PBXFileReference; lastKnownFileType = file.storyboard; name = Base; path = Base.lproj/LaunchScreen.storyboard; sourceTree = "<group>"; };
		95DBEE88229BB5F9004C62F7 /* Info.plist */ = {isa = PBXFileReference; lastKnownFileType = text.plist.xml; path = Info.plist; sourceTree = "<group>"; };
		95DBEE8D229BB5F9004C62F7 /* EStorageTests.xctest */ = {isa = PBXFileReference; explicitFileType = wrapper.cfbundle; includeInIndex = 0; path = EStorageTests.xctest; sourceTree = BUILT_PRODUCTS_DIR; };
		95DBEE91229BB5F9004C62F7 /* EStorageTests.swift */ = {isa = PBXFileReference; lastKnownFileType = sourcecode.swift; path = EStorageTests.swift; sourceTree = "<group>"; };
		95DBEE93229BB5F9004C62F7 /* Info.plist */ = {isa = PBXFileReference; lastKnownFileType = text.plist.xml; path = Info.plist; sourceTree = "<group>"; };
		95DBEE98229BB5F9004C62F7 /* EStorageUITests.xctest */ = {isa = PBXFileReference; explicitFileType = wrapper.cfbundle; includeInIndex = 0; path = EStorageUITests.xctest; sourceTree = BUILT_PRODUCTS_DIR; };
		95DBEE9C229BB5F9004C62F7 /* EStorageUITests.swift */ = {isa = PBXFileReference; lastKnownFileType = sourcecode.swift; path = EStorageUITests.swift; sourceTree = "<group>"; };
		95DBEE9E229BB5F9004C62F7 /* Info.plist */ = {isa = PBXFileReference; lastKnownFileType = text.plist.xml; path = Info.plist; sourceTree = "<group>"; };
/* End PBXFileReference section */

/* Begin PBXFrameworksBuildPhase section */
		95DBEE73229BB5F7004C62F7 /* Frameworks */ = {
			isa = PBXFrameworksBuildPhase;
			buildActionMask = 2147483647;
			files = (
			);
			runOnlyForDeploymentPostprocessing = 0;
		};
		95DBEE8A229BB5F9004C62F7 /* Frameworks */ = {
			isa = PBXFrameworksBuildPhase;
			buildActionMask = 2147483647;
			files = (
			);
			runOnlyForDeploymentPostprocessing = 0;
		};
		95DBEE95229BB5F9004C62F7 /* Frameworks */ = {
			isa = PBXFrameworksBuildPhase;
			buildActionMask = 2147483647;
			files = (
			);
			runOnlyForDeploymentPostprocessing = 0;
		};
/* End PBXFrameworksBuildPhase section */

/* Begin PBXGroup section */
		95DBEE6D229BB5F7004C62F7 = {
			isa = PBXGroup;
			children = (
				95DBEE78229BB5F7004C62F7 /* EStorage */,
				95DBEE90229BB5F9004C62F7 /* EStorageTests */,
				95DBEE9B229BB5F9004C62F7 /* EStorageUITests */,
				95DBEE77229BB5F7004C62F7 /* Products */,
			);
			sourceTree = "<group>";
		};
		95DBEE77229BB5F7004C62F7 /* Products */ = {
			isa = PBXGroup;
			children = (
				95DBEE76229BB5F7004C62F7 /* EStorage.app */,
				95DBEE8D229BB5F9004C62F7 /* EStorageTests.xctest */,
				95DBEE98229BB5F9004C62F7 /* EStorageUITests.xctest */,
			);
			name = Products;
			sourceTree = "<group>";
		};
		95DBEE78229BB5F7004C62F7 /* EStorage */ = {
			isa = PBXGroup;
			children = (
				95DBEE79229BB5F7004C62F7 /* AppDelegate.swift */,
				95DBEE7B229BB5F7004C62F7 /* ViewController.swift */,
				95DBEE7D229BB5F7004C62F7 /* Main.storyboard */,
				95DBEE83229BB5F9004C62F7 /* Assets.xcassets */,
				9595C7DA229D0C60008117FA /* camera.jpg */,
				95DBEE85229BB5F9004C62F7 /* LaunchScreen.storyboard */,
				95DBEE88229BB5F9004C62F7 /* Info.plist */,
				95DBEE80229BB5F7004C62F7 /* EStorage.xcdatamodeld */,
				95520851229BCB2200DF66A8 /* CameraViewController.swift */,
				95520853229BCEE200DF66A8 /* ChooseLocationViewController.swift */,
				95520855229BD00800DF66A8 /* StoreObj.swift */,
				9595C7D6229C1F99008117FA /* ListViewController.swift */,
				9595C7D8229CBB6A008117FA /* DetailViewController.swift */,
			);
			path = EStorage;
			sourceTree = "<group>";
		};
		95DBEE90229BB5F9004C62F7 /* EStorageTests */ = {
			isa = PBXGroup;
			children = (
				95DBEE91229BB5F9004C62F7 /* EStorageTests.swift */,
				95DBEE93229BB5F9004C62F7 /* Info.plist */,
			);
			path = EStorageTests;
			sourceTree = "<group>";
		};
		95DBEE9B229BB5F9004C62F7 /* EStorageUITests */ = {
			isa = PBXGroup;
			children = (
				95DBEE9C229BB5F9004C62F7 /* EStorageUITests.swift */,
				95DBEE9E229BB5F9004C62F7 /* Info.plist */,
			);
			path = EStorageUITests;
			sourceTree = "<group>";
		};
/* End PBXGroup section */

/* Begin PBXNativeTarget section */
		95DBEE75229BB5F7004C62F7 /* EStorage */ = {
			isa = PBXNativeTarget;
			buildConfigurationList = 95DBEEA1229BB5F9004C62F7 /* Build configuration list for PBXNativeTarget "EStorage" */;
			buildPhases = (
				95DBEE72229BB5F7004C62F7 /* Sources */,
				95DBEE73229BB5F7004C62F7 /* Frameworks */,
				95DBEE74229BB5F7004C62F7 /* Resources */,
			);
			buildRules = (
			);
			dependencies = (
			);
			name = EStorage;
			productName = EStorage;
			productReference = 95DBEE76229BB5F7004C62F7 /* EStorage.app */;
			productType = "com.apple.product-type.application";
		};
		95DBEE8C229BB5F9004C62F7 /* EStorageTests */ = {
			isa = PBXNativeTarget;
			buildConfigurationList = 95DBEEA4229BB5F9004C62F7 /* Build configuration list for PBXNativeTarget "EStorageTests" */;
			buildPhases = (
				95DBEE89229BB5F9004C62F7 /* Sources */,
				95DBEE8A229BB5F9004C62F7 /* Frameworks */,
				95DBEE8B229BB5F9004C62F7 /* Resources */,
			);
			buildRules = (
			);
			dependencies = (
				95DBEE8F229BB5F9004C62F7 /* PBXTargetDependency */,
			);
			name = EStorageTests;
			productName = EStorageTests;
			productReference = 95DBEE8D229BB5F9004C62F7 /* EStorageTests.xctest */;
			productType = "com.apple.product-type.bundle.unit-test";
		};
		95DBEE97229BB5F9004C62F7 /* EStorageUITests */ = {
			isa = PBXNativeTarget;
			buildConfigurationList = 95DBEEA7229BB5F9004C62F7 /* Build configuration list for PBXNativeTarget "EStorageUITests" */;
			buildPhases = (
				95DBEE94229BB5F9004C62F7 /* Sources */,
				95DBEE95229BB5F9004C62F7 /* Frameworks */,
				95DBEE96229BB5F9004C62F7 /* Resources */,
			);
			buildRules = (
			);
			dependencies = (
				95DBEE9A229BB5F9004C62F7 /* PBXTargetDependency */,
			);
			name = EStorageUITests;
			productName = EStorageUITests;
			productReference = 95DBEE98229BB5F9004C62F7 /* EStorageUITests.xctest */;
			productType = "com.apple.product-type.bundle.ui-testing";
		};
/* End PBXNativeTarget section */

/* Begin PBXProject section */
		95DBEE6E229BB5F7004C62F7 /* Project object */ = {
			isa = PBXProject;
			attributes = {
				LastSwiftUpdateCheck = 1010;
				LastUpgradeCheck = 1010;
				ORGANIZATIONNAME = None;
				TargetAttributes = {
					95DBEE75229BB5F7004C62F7 = {
						CreatedOnToolsVersion = 10.1;
					};
					95DBEE8C229BB5F9004C62F7 = {
						CreatedOnToolsVersion = 10.1;
						TestTargetID = 95DBEE75229BB5F7004C62F7;
					};
					95DBEE97229BB5F9004C62F7 = {
						CreatedOnToolsVersion = 10.1;
						TestTargetID = 95DBEE75229BB5F7004C62F7;
					};
				};
			};
			buildConfigurationList = 95DBEE71229BB5F7004C62F7 /* Build configuration list for PBXProject "EStorage" */;
			compatibilityVersion = "Xcode 9.3";
			developmentRegion = en;
			hasScannedForEncodings = 0;
			knownRegions = (
				en,
				Base,
			);
			mainGroup = 95DBEE6D229BB5F7004C62F7;
			productRefGroup = 95DBEE77229BB5F7004C62F7 /* Products */;
			projectDirPath = "";
			projectRoot = "";
			targets = (
				95DBEE75229BB5F7004C62F7 /* EStorage */,
				95DBEE8C229BB5F9004C62F7 /* EStorageTests */,
				95DBEE97229BB5F9004C62F7 /* EStorageUITests */,
			);
		};
/* End PBXProject section */

/* Begin PBXResourcesBuildPhase section */
		95DBEE74229BB5F7004C62F7 /* Resources */ = {
			isa = PBXResourcesBuildPhase;
			buildActionMask = 2147483647;
			files = (
				95DBEE87229BB5F9004C62F7 /* LaunchScreen.storyboard in Resources */,
				95DBEE84229BB5F9004C62F7 /* Assets.xcassets in Resources */,
				9595C7DB229D0C60008117FA /* camera.jpg in Resources */,
				95DBEE7F229BB5F7004C62F7 /* Main.storyboard in Resources */,
			);
			runOnlyForDeploymentPostprocessing = 0;
		};
		95DBEE8B229BB5F9004C62F7 /* Resources */ = {
			isa = PBXResourcesBuildPhase;
			buildActionMask = 2147483647;
			files = (
			);
			runOnlyForDeploymentPostprocessing = 0;
		};
		95DBEE96229BB5F9004C62F7 /* Resources */ = {
			isa = PBXResourcesBuildPhase;
			buildActionMask = 2147483647;
			files = (
			);
			runOnlyForDeploymentPostprocessing = 0;
		};
/* End PBXResourcesBuildPhase section */

/* Begin PBXSourcesBuildPhase section */
		95DBEE72229BB5F7004C62F7 /* Sources */ = {
			isa = PBXSourcesBuildPhase;
			buildActionMask = 2147483647;
			files = (
				95DBEE7C229BB5F7004C62F7 /* ViewController.swift in Sources */,
				95520852229BCB2200DF66A8 /* CameraViewController.swift in Sources */,
				95DBEE82229BB5F7004C62F7 /* EStorage.xcdatamodeld in Sources */,
				95520854229BCEE200DF66A8 /* ChooseLocationViewController.swift in Sources */,
				95DBEE7A229BB5F7004C62F7 /* AppDelegate.swift in Sources */,
				95520856229BD00800DF66A8 /* StoreObj.swift in Sources */,
				9595C7D7229C1F99008117FA /* ListViewController.swift in Sources */,
				9595C7D9229CBB6A008117FA /* DetailViewController.swift in Sources */,
			);
			runOnlyForDeploymentPostprocessing = 0;
		};
		95DBEE89229BB5F9004C62F7 /* Sources */ = {
			isa = PBXSourcesBuildPhase;
			buildActionMask = 2147483647;
			files = (
				95DBEE92229BB5F9004C62F7 /* EStorageTests.swift in Sources */,
			);
			runOnlyForDeploymentPostprocessing = 0;
		};
		95DBEE94229BB5F9004C62F7 /* Sources */ = {
			isa = PBXSourcesBuildPhase;
			buildActionMask = 2147483647;
			files = (
				95DBEE9D229BB5F9004C62F7 /* EStorageUITests.swift in Sources */,
			);
			runOnlyForDeploymentPostprocessing = 0;
		};
/* End PBXSourcesBuildPhase section */

/* Begin PBXTargetDependency section */
		95DBEE8F229BB5F9004C62F7 /* PBXTargetDependency */ = {
			isa = PBXTargetDependency;
			target = 95DBEE75229BB5F7004C62F7 /* EStorage */;
			targetProxy = 95DBEE8E229BB5F9004C62F7 /* PBXContainerItemProxy */;
		};
		95DBEE9A229BB5F9004C62F7 /* PBXTargetDependency */ = {
			isa = PBXTargetDependency;
			target = 95DBEE75229BB5F7004C62F7 /* EStorage */;
			targetProxy = 95DBEE99229BB5F9004C62F7 /* PBXContainerItemProxy */;
		};
/* End PBXTargetDependency section */

/* Begin PBXVariantGroup section */
		95DBEE7D229BB5F7004C62F7 /* Main.storyboard */ = {
			isa = PBXVariantGroup;
			children = (
				95DBEE7E229BB5F7004C62F7 /* Base */,
			);
			name = Main.storyboard;
			sourceTree = "<group>";
		};
		95DBEE85229BB5F9004C62F7 /* LaunchScreen.storyboard */ = {
			isa = PBXVariantGroup;
			children = (
				95DBEE86229BB5F9004C62F7 /* Base */,
			);
			name = LaunchScreen.storyboard;
			sourceTree = "<group>";
		};
/* End PBXVariantGroup section */

/* Begin XCBuildConfiguration section */
		95DBEE9F229BB5F9004C62F7 /* Debug */ = {
			isa = XCBuildConfiguration;
			buildSettings = {
				ALWAYS_SEARCH_USER_PATHS = NO;
				CLANG_ANALYZER_NONNULL = YES;
				CLANG_ANALYZER_NUMBER_OBJECT_CONVERSION = YES_AGGRESSIVE;
				CLANG_CXX_LANGUAGE_STANDARD = "gnu++14";
				CLANG_CXX_LIBRARY = "libc++";
				CLANG_ENABLE_MODULES = YES;
				CLANG_ENABLE_OBJC_ARC = YES;
				CLANG_ENABLE_OBJC_WEAK = YES;
				CLANG_WARN_BLOCK_CAPTURE_AUTORELEASING = YES;
				CLANG_WARN_BOOL_CONVERSION = YES;
				CLANG_WARN_COMMA = YES;
				CLANG_WARN_CONSTANT_CONVERSION = YES;
				CLANG_WARN_DEPRECATED_OBJC_IMPLEMENTATIONS = YES;
				CLANG_WARN_DIRECT_OBJC_ISA_USAGE = YES_ERROR;
				CLANG_WARN_DOCUMENTATION_COMMENTS = YES;
				CLANG_WARN_EMPTY_BODY = YES;
				CLANG_WARN_ENUM_CONVERSION = YES;
				CLANG_WARN_INFINITE_RECURSION = YES;
				CLANG_WARN_INT_CONVERSION = YES;
				CLANG_WARN_NON_LITERAL_NULL_CONVERSION = YES;
				CLANG_WARN_OBJC_IMPLICIT_RETAIN_SELF = YES;
				CLANG_WARN_OBJC_LITERAL_CONVERSION = YES;
				CLANG_WARN_OBJC_ROOT_CLASS = YES_ERROR;
				CLANG_WARN_RANGE_LOOP_ANALYSIS = YES;
				CLANG_WARN_STRICT_PROTOTYPES = YES;
				CLANG_WARN_SUSPICIOUS_MOVE = YES;
				CLANG_WARN_UNGUARDED_AVAILABILITY = YES_AGGRESSIVE;
				CLANG_WARN_UNREACHABLE_CODE = YES;
				CLANG_WARN__DUPLICATE_METHOD_MATCH = YES;
				CODE_SIGN_IDENTITY = "iPhone Developer";
				COPY_PHASE_STRIP = NO;
				DEBUG_INFORMATION_FORMAT = dwarf;
				ENABLE_STRICT_OBJC_MSGSEND = YES;
				ENABLE_TESTABILITY = YES;
				GCC_C_LANGUAGE_STANDARD = gnu11;
				GCC_DYNAMIC_NO_PIC = NO;
				GCC_NO_COMMON_BLOCKS = YES;
				GCC_OPTIMIZATION_LEVEL = 0;
				GCC_PREPROCESSOR_DEFINITIONS = (
					"DEBUG=1",
					"$(inherited)",
				);
				GCC_WARN_64_TO_32_BIT_CONVERSION = YES;
				GCC_WARN_ABOUT_RETURN_TYPE = YES_ERROR;
				GCC_WARN_UNDECLARED_SELECTOR = YES;
				GCC_WARN_UNINITIALIZED_AUTOS = YES_AGGRESSIVE;
				GCC_WARN_UNUSED_FUNCTION = YES;
				GCC_WARN_UNUSED_VARIABLE = YES;
				IPHONEOS_DEPLOYMENT_TARGET = 12.2;
				MTL_ENABLE_DEBUG_INFO = INCLUDE_SOURCE;
				MTL_FAST_MATH = YES;
				ONLY_ACTIVE_ARCH = YES;
				SDKROOT = iphoneos;
				SWIFT_ACTIVE_COMPILATION_CONDITIONS = DEBUG;
				SWIFT_OPTIMIZATION_LEVEL = "-Onone";
			};
			name = Debug;
		};
		95DBEEA0229BB5F9004C62F7 /* Release */ = {
			isa = XCBuildConfiguration;
			buildSettings = {
				ALWAYS_SEARCH_USER_PATHS = NO;
				CLANG_ANALYZER_NONNULL = YES;
				CLANG_ANALYZER_NUMBER_OBJECT_CONVERSION = YES_AGGRESSIVE;
				CLANG_CXX_LANGUAGE_STANDARD = "gnu++14";
				CLANG_CXX_LIBRARY = "libc++";
				CLANG_ENABLE_MODULES = YES;
				CLANG_ENABLE_OBJC_ARC = YES;
				CLANG_ENABLE_OBJC_WEAK = YES;
				CLANG_WARN_BLOCK_CAPTURE_AUTORELEASING = YES;
				CLANG_WARN_BOOL_CONVERSION = YES;
				CLANG_WARN_COMMA = YES;
				CLANG_WARN_CONSTANT_CONVERSION = YES;
				CLANG_WARN_DEPRECATED_OBJC_IMPLEMENTATIONS = YES;
				CLANG_WARN_DIRECT_OBJC_ISA_USAGE = YES_ERROR;
				CLANG_WARN_DOCUMENTATION_COMMENTS = YES;
				CLANG_WARN_EMPTY_BODY = YES;
				CLANG_WARN_ENUM_CONVERSION = YES;
				CLANG_WARN_INFINITE_RECURSION = YES;
				CLANG_WARN_INT_CONVERSION = YES;
				CLANG_WARN_NON_LITERAL_NULL_CONVERSION = YES;
				CLANG_WARN_OBJC_IMPLICIT_RETAIN_SELF = YES;
				CLANG_WARN_OBJC_LITERAL_CONVERSION = YES;
				CLANG_WARN_OBJC_ROOT_CLASS = YES_ERROR;
				CLANG_WARN_RANGE_LOOP_ANALYSIS = YES;
				CLANG_WARN_STRICT_PROTOTYPES = YES;
				CLANG_WARN_SUSPICIOUS_MOVE = YES;
				CLANG_WARN_UNGUARDED_AVAILABILITY = YES_AGGRESSIVE;
				CLANG_WARN_UNREACHABLE_CODE = YES;
				CLANG_WARN__DUPLICATE_METHOD_MATCH = YES;
				CODE_SIGN_IDENTITY = "iPhone Developer";
				COPY_PHASE_STRIP = NO;
				DEBUG_INFORMATION_FORMAT = "dwarf-with-dsym";
				ENABLE_NS_ASSERTIONS = NO;
				ENABLE_STRICT_OBJC_MSGSEND = YES;
				GCC_C_LANGUAGE_STANDARD = gnu11;
				GCC_NO_COMMON_BLOCKS = YES;
				GCC_WARN_64_TO_32_BIT_CONVERSION = YES;
				GCC_WARN_ABOUT_RETURN_TYPE = YES_ERROR;
				GCC_WARN_UNDECLARED_SELECTOR = YES;
				GCC_WARN_UNINITIALIZED_AUTOS = YES_AGGRESSIVE;
				GCC_WARN_UNUSED_FUNCTION = YES;
				GCC_WARN_UNUSED_VARIABLE = YES;
				IPHONEOS_DEPLOYMENT_TARGET = 12.2;
				MTL_ENABLE_DEBUG_INFO = NO;
				MTL_FAST_MATH = YES;
				SDKROOT = iphoneos;
				SWIFT_COMPILATION_MODE = wholemodule;
				SWIFT_OPTIMIZATION_LEVEL = "-O";
				VALIDATE_PRODUCT = YES;
			};
			name = Release;
		};
		95DBEEA2229BB5F9004C62F7 /* Debug */ = {
			isa = XCBuildConfiguration;
			buildSettings = {
				ASSETCATALOG_COMPILER_APPICON_NAME = AppIcon;
				CODE_SIGN_STYLE = Automatic;
				DEVELOPMENT_TEAM = 4N67PT76Z6;
				INFOPLIST_FILE = EStorage/Info.plist;
				LD_RUNPATH_SEARCH_PATHS = (
					"$(inherited)",
					"@executable_path/Frameworks",
				);
				PRODUCT_BUNDLE_IDENTIFIER = EStorage;
				PRODUCT_NAME = "$(TARGET_NAME)";
				SWIFT_OPTIMIZATION_LEVEL = "-Onone";
				SWIFT_VERSION = 4.2;
				TARGETED_DEVICE_FAMILY = "1,2";
			};
			name = Debug;
		};
		95DBEEA3229BB5F9004C62F7 /* Release */ = {
			isa = XCBuildConfiguration;
			buildSettings = {
				ASSETCATALOG_COMPILER_APPICON_NAME = AppIcon;
				CODE_SIGN_STYLE = Automatic;
				DEVELOPMENT_TEAM = 4N67PT76Z6;
				INFOPLIST_FILE = EStorage/Info.plist;
				LD_RUNPATH_SEARCH_PATHS = (
					"$(inherited)",
					"@executable_path/Frameworks",
				);
				PRODUCT_BUNDLE_IDENTIFIER = EStorage;
				PRODUCT_NAME = "$(TARGET_NAME)";
				SWIFT_OPTIMIZATION_LEVEL = "-Onone";
				SWIFT_VERSION = 4.2;
				TARGETED_DEVICE_FAMILY = "1,2";
			};
			name = Release;
		};
		95DBEEA5229BB5F9004C62F7 /* Debug */ = {
			isa = XCBuildConfiguration;
			buildSettings = {
				ALWAYS_EMBED_SWIFT_STANDARD_LIBRARIES = YES;
				BUNDLE_LOADER = "$(TEST_HOST)";
				CODE_SIGN_STYLE = Automatic;
				INFOPLIST_FILE = EStorageTests/Info.plist;
				LD_RUNPATH_SEARCH_PATHS = (
					"$(inherited)",
					"@executable_path/Frameworks",
					"@loader_path/Frameworks",
				);
				PRODUCT_BUNDLE_IDENTIFIER = None.EStorageTests;
				PRODUCT_NAME = "$(TARGET_NAME)";
				SWIFT_VERSION = 4.2;
				TARGETED_DEVICE_FAMILY = "1,2";
				TEST_HOST = "$(BUILT_PRODUCTS_DIR)/EStorage.app/EStorage";
			};
			name = Debug;
		};
		95DBEEA6229BB5F9004C62F7 /* Release */ = {
			isa = XCBuildConfiguration;
			buildSettings = {
				ALWAYS_EMBED_SWIFT_STANDARD_LIBRARIES = YES;
				BUNDLE_LOADER = "$(TEST_HOST)";
				CODE_SIGN_STYLE = Automatic;
				INFOPLIST_FILE = EStorageTests/Info.plist;
				LD_RUNPATH_SEARCH_PATHS = (
					"$(inherited)",
					"@executable_path/Frameworks",
					"@loader_path/Frameworks",
				);
				PRODUCT_BUNDLE_IDENTIFIER = None.EStorageTests;
				PRODUCT_NAME = "$(TARGET_NAME)";
				SWIFT_VERSION = 4.2;
				TARGETED_DEVICE_FAMILY = "1,2";
				TEST_HOST = "$(BUILT_PRODUCTS_DIR)/EStorage.app/EStorage";
			};
			name = Release;
		};
		95DBEEA8229BB5F9004C62F7 /* Debug */ = {
			isa = XCBuildConfiguration;
			buildSettings = {
				ALWAYS_EMBED_SWIFT_STANDARD_LIBRARIES = YES;
				CODE_SIGN_STYLE = Automatic;
				INFOPLIST_FILE = EStorageUITests/Info.plist;
				LD_RUNPATH_SEARCH_PATHS = (
					"$(inherited)",
					"@executable_path/Frameworks",
					"@loader_path/Frameworks",
				);
				PRODUCT_BUNDLE_IDENTIFIER = None.EStorageUITests;
				PRODUCT_NAME = "$(TARGET_NAME)";
				SWIFT_VERSION = 4.2;
				TARGETED_DEVICE_FAMILY = "1,2";
				TEST_TARGET_NAME = EStorage;
			};
			name = Debug;
		};
		95DBEEA9229BB5F9004C62F7 /* Release */ = {
			isa = XCBuildConfiguration;
			buildSettings = {
				ALWAYS_EMBED_SWIFT_STANDARD_LIBRARIES = YES;
				CODE_SIGN_STYLE = Automatic;
				INFOPLIST_FILE = EStorageUITests/Info.plist;
				LD_RUNPATH_SEARCH_PATHS = (
					"$(inherited)",
					"@executable_path/Frameworks",
					"@loader_path/Frameworks",
				);
				PRODUCT_BUNDLE_IDENTIFIER = None.EStorageUITests;
				PRODUCT_NAME = "$(TARGET_NAME)";
				SWIFT_VERSION = 4.2;
				TARGETED_DEVICE_FAMILY = "1,2";
				TEST_TARGET_NAME = EStorage;
			};
			name = Release;
		};
/* End XCBuildConfiguration section */

/* Begin XCConfigurationList section */
		95DBEE71229BB5F7004C62F7 /* Build configuration list for PBXProject "EStorage" */ = {
			isa = XCConfigurationList;
			buildConfigurations = (
				95DBEE9F229BB5F9004C62F7 /* Debug */,
				95DBEEA0229BB5F9004C62F7 /* Release */,
			);
			defaultConfigurationIsVisible = 0;
			defaultConfigurationName = Release;
		};
		95DBEEA1229BB5F9004C62F7 /* Build configuration list for PBXNativeTarget "EStorage" */ = {
			isa = XCConfigurationList;
			buildConfigurations = (
				95DBEEA2229BB5F9004C62F7 /* Debug */,
				95DBEEA3229BB5F9004C62F7 /* Release */,
			);
			defaultConfigurationIsVisible = 0;
			defaultConfigurationName = Release;
		};
		95DBEEA4229BB5F9004C62F7 /* Build configuration list for PBXNativeTarget "EStorageTests" */ = {
			isa = XCConfigurationList;
			buildConfigurations = (
				95DBEEA5229BB5F9004C62F7 /* Debug */,
				95DBEEA6229BB5F9004C62F7 /* Release */,
			);
			defaultConfigurationIsVisible = 0;
			defaultConfigurationName = Release;
		};
		95DBEEA7229BB5F9004C62F7 /* Build configuration list for PBXNativeTarget "EStorageUITests" */ = {
			isa = XCConfigurationList;
			buildConfigurations = (
				95DBEEA8229BB5F9004C62F7 /* Debug */,
				95DBEEA9229BB5F9004C62F7 /* Release */,
			);
			defaultConfigurationIsVisible = 0;
			defaultConfigurationName = Release;
		};
/* End XCConfigurationList section */

/* Begin XCVersionGroup section */
		95DBEE80229BB5F7004C62F7 /* EStorage.xcdatamodeld */ = {
			isa = XCVersionGroup;
			children = (
				95DBEE81229BB5F7004C62F7 /* EStorage.xcdatamodel */,
			);
			currentVersion = 95DBEE81229BB5F7004C62F7 /* EStorage.xcdatamodel */;
			path = EStorage.xcdatamodeld;
			sourceTree = "<group>";
			versionGroupType = wrapper.xcdatamodel;
		};
/* End XCVersionGroup section */
	};
	rootObject = 95DBEE6E229BB5F7004C62F7 /* Project object */;
}
